
Microsoft Visual Studio Solution File, Format Version 12.00
# Visual Studio 15
VisualStudioVersion = 15.0.28307.572
MinimumVisualStudioVersion = 10.0.40219.1
Project("{FAE04EC0-301F-11D3-BF4B-00C04F79EFBC}") = "SportsStoreNew", "SportsStoreNew\SportsStoreNew.csproj", "{996A6608-DFEB-429C-B9B3-CF8585C7FD83}"
EndProject
Project("{FAE04EC0-301F-11D3-BF4B-00C04F79EFBC}") = "SportsStore.Tests", "SportsStore.Tests\SportsStore.Tests.csproj", "{6113D740-DA26-4820-AD34-0B68AFE16335}"
EndProject
Global
	GlobalSection(SolutionConfigurationPlatforms) = preSolution
		Debug|Any CPU = Debug|Any CPU
		Release|Any CPU = Release|Any CPU
	EndGlobalSection
	GlobalSection(ProjectConfigurationPlatforms) = postSolution
		{996A6608-DFEB-429C-B9B3-CF8585C7FD83}.Debug|Any CPU.ActiveCfg = Debug|Any CPU
		{996A6608-DFEB-429C-B9B3-CF8585C7FD83}.Debug|Any CPU.Build.0 = Debug|Any CPU
		{996A6608-DFEB-429C-B9B3-CF8585C7FD83}.Release|Any CPU.ActiveCfg = Release|Any CPU
		{996A6608-DFEB-429C-B9B3-CF8585C7FD83}.Release|Any CPU.Build.0 = Release|Any CPU
		{6113D740-DA26-4820-AD34-0B68AFE16335}.Debug|Any CPU.ActiveCfg = Debug|Any CPU
		{6113D740-DA26-4820-AD34-0B68AFE16335}.Debug|Any CPU.Build.0 = Debug|Any CPU
		{6113D740-DA26-4820-AD34-0B68AFE16335}.Release|Any CPU.ActiveCfg = Release|Any CPU
		{6113D740-DA26-4820-AD34-0B68AFE16335}.Release|Any CPU.Build.0 = Release|Any CPU
	EndGlobalSection
	GlobalSection(SolutionProperties) = preSolution
		HideSolutionNode = FALSE
	EndGlobalSection
	GlobalSection(ExtensibilityGlobals) = postSolution
		SolutionGuid = {D7C61B52-B3D7-4121-B5C0-73FDFBE0574E}
	EndGlobalSection
EndGlobal
